// !$*UTF8*$!
{
	archiveVersion = 1;
	classes = {
	};
	objectVersion = 46;
	objects = {

/* Begin PBXBuildFile section */
		DFDF57431F34EB0300E0ADF2 /* AppDelegate.swift in Sources */ = {isa = PBXBuildFile; fileRef = DFDF57421F34EB0300E0ADF2 /* AppDelegate.swift */; };
		DFDF57451F34EB0300E0ADF2 /* MainVC.swift in Sources */ = {isa = PBXBuildFile; fileRef = DFDF57441F34EB0300E0ADF2 /* MainVC.swift */; };
		DFDF57481F34EB0300E0ADF2 /* Main.storyboard in Resources */ = {isa = PBXBuildFile; fileRef = DFDF57461F34EB0300E0ADF2 /* Main.storyboard */; };
		DFDF574B1F34EB0300E0ADF2 /* DreamBox.xcdatamodeld in Sources */ = {isa = PBXBuildFile; fileRef = DFDF57491F34EB0300E0ADF2 /* DreamBox.xcdatamodeld */; };
		DFDF574D1F34EB0300E0ADF2 /* Assets.xcassets in Resources */ = {isa = PBXBuildFile; fileRef = DFDF574C1F34EB0300E0ADF2 /* Assets.xcassets */; };
		DFDF57501F34EB0300E0ADF2 /* LaunchScreen.storyboard in Resources */ = {isa = PBXBuildFile; fileRef = DFDF574E1F34EB0300E0ADF2 /* LaunchScreen.storyboard */; };
		DFDF575F1F34EE8500E0ADF2 /* ItemType+CoreDataClass.swift in Sources */ = {isa = PBXBuildFile; fileRef = DFDF57571F34EE8500E0ADF2 /* ItemType+CoreDataClass.swift */; };
		DFDF57601F34EE8500E0ADF2 /* ItemType+CoreDataProperties.swift in Sources */ = {isa = PBXBuildFile; fileRef = DFDF57581F34EE8500E0ADF2 /* ItemType+CoreDataProperties.swift */; };
		DFDF57611F34EE8500E0ADF2 /* Item+CoreDataClass.swift in Sources */ = {isa = PBXBuildFile; fileRef = DFDF57591F34EE8500E0ADF2 /* Item+CoreDataClass.swift */; };
		DFDF57621F34EE8500E0ADF2 /* Item+CoreDataProperties.swift in Sources */ = {isa = PBXBuildFile; fileRef = DFDF575A1F34EE8500E0ADF2 /* Item+CoreDataProperties.swift */; };
		DFDF57631F34EE8500E0ADF2 /* Image+CoreDataClass.swift in Sources */ = {isa = PBXBuildFile; fileRef = DFDF575B1F34EE8500E0ADF2 /* Image+CoreDataClass.swift */; };
		DFDF57641F34EE8500E0ADF2 /* Image+CoreDataProperties.swift in Sources */ = {isa = PBXBuildFile; fileRef = DFDF575C1F34EE8500E0ADF2 /* Image+CoreDataProperties.swift */; };
		DFDF57651F34EE8500E0ADF2 /* Store+CoreDataClass.swift in Sources */ = {isa = PBXBuildFile; fileRef = DFDF575D1F34EE8500E0ADF2 /* Store+CoreDataClass.swift */; };
		DFDF57661F34EE8500E0ADF2 /* Store+CoreDataProperties.swift in Sources */ = {isa = PBXBuildFile; fileRef = DFDF575E1F34EE8500E0ADF2 /* Store+CoreDataProperties.swift */; };
		DFDF576B1F34F66400E0ADF2 /* MaterialView.swift in Sources */ = {isa = PBXBuildFile; fileRef = DFDF576A1F34F66400E0ADF2 /* MaterialView.swift */; };
/* End PBXBuildFile section */

/* Begin PBXFileReference section */
		DFDF573F1F34EB0300E0ADF2 /* DreamBox.app */ = {isa = PBXFileReference; explicitFileType = wrapper.application; includeInIndex = 0; path = DreamBox.app; sourceTree = BUILT_PRODUCTS_DIR; };
		DFDF57421F34EB0300E0ADF2 /* AppDelegate.swift */ = {isa = PBXFileReference; lastKnownFileType = sourcecode.swift; path = AppDelegate.swift; sourceTree = "<group>"; };
		DFDF57441F34EB0300E0ADF2 /* MainVC.swift */ = {isa = PBXFileReference; lastKnownFileType = sourcecode.swift; path = MainVC.swift; sourceTree = "<group>"; };
		DFDF57471F34EB0300E0ADF2 /* Base */ = {isa = PBXFileReference; lastKnownFileType = file.storyboard; name = Base; path = Base.lproj/Main.storyboard; sourceTree = "<group>"; };
		DFDF574A1F34EB0300E0ADF2 /* DreamBox.xcdatamodel */ = {isa = PBXFileReference; lastKnownFileType = wrapper.xcdatamodel; path = DreamBox.xcdatamodel; sourceTree = "<group>"; };
		DFDF574C1F34EB0300E0ADF2 /* Assets.xcassets */ = {isa = PBXFileReference; lastKnownFileType = folder.assetcatalog; path = Assets.xcassets; sourceTree = "<group>"; };
		DFDF574F1F34EB0300E0ADF2 /* Base */ = {isa = PBXFileReference; lastKnownFileType = file.storyboard; name = Base; path = Base.lproj/LaunchScreen.storyboard; sourceTree = "<group>"; };
		DFDF57511F34EB0300E0ADF2 /* Info.plist */ = {isa = PBXFileReference; lastKnownFileType = text.plist.xml; path = Info.plist; sourceTree = "<group>"; };
		DFDF57571F34EE8500E0ADF2 /* ItemType+CoreDataClass.swift */ = {isa = PBXFileReference; fileEncoding = 4; lastKnownFileType = sourcecode.swift; path = "ItemType+CoreDataClass.swift"; sourceTree = "<group>"; };
		DFDF57581F34EE8500E0ADF2 /* ItemType+CoreDataProperties.swift */ = {isa = PBXFileReference; fileEncoding = 4; lastKnownFileType = sourcecode.swift; path = "ItemType+CoreDataProperties.swift"; sourceTree = "<group>"; };
		DFDF57591F34EE8500E0ADF2 /* Item+CoreDataClass.swift */ = {isa = PBXFileReference; fileEncoding = 4; lastKnownFileType = sourcecode.swift; path = "Item+CoreDataClass.swift"; sourceTree = "<group>"; };
		DFDF575A1F34EE8500E0ADF2 /* Item+CoreDataProperties.swift */ = {isa = PBXFileReference; fileEncoding = 4; lastKnownFileType = sourcecode.swift; path = "Item+CoreDataProperties.swift"; sourceTree = "<group>"; };
		DFDF575B1F34EE8500E0ADF2 /* Image+CoreDataClass.swift */ = {isa = PBXFileReference; fileEncoding = 4; lastKnownFileType = sourcecode.swift; path = "Image+CoreDataClass.swift"; sourceTree = "<group>"; };
		DFDF575C1F34EE8500E0ADF2 /* Image+CoreDataProperties.swift */ = {isa = PBXFileReference; fileEncoding = 4; lastKnownFileType = sourcecode.swift; path = "Image+CoreDataProperties.swift"; sourceTree = "<group>"; };
		DFDF575D1F34EE8500E0ADF2 /* Store+CoreDataClass.swift */ = {isa = PBXFileReference; fileEncoding = 4; lastKnownFileType = sourcecode.swift; path = "Store+CoreDataClass.swift"; sourceTree = "<group>"; };
		DFDF575E1F34EE8500E0ADF2 /* Store+CoreDataProperties.swift */ = {isa = PBXFileReference; fileEncoding = 4; lastKnownFileType = sourcecode.swift; path = "Store+CoreDataProperties.swift"; sourceTree = "<group>"; };
		DFDF576A1F34F66400E0ADF2 /* MaterialView.swift */ = {isa = PBXFileReference; fileEncoding = 4; lastKnownFileType = sourcecode.swift; path = MaterialView.swift; sourceTree = "<group>"; };
/* End PBXFileReference section */

/* Begin PBXFrameworksBuildPhase section */
		DFDF573C1F34EB0300E0ADF2 /* Frameworks */ = {
			isa = PBXFrameworksBuildPhase;
			buildActionMask = 2147483647;
			files = (
			);
			runOnlyForDeploymentPostprocessing = 0;
		};
/* End PBXFrameworksBuildPhase section */

/* Begin PBXGroup section */
		DFDF57361F34EB0300E0ADF2 = {
			isa = PBXGroup;
			children = (
				DFDF57411F34EB0300E0ADF2 /* DreamBox */,
				DFDF57401F34EB0300E0ADF2 /* Products */,
			);
			sourceTree = "<group>";
		};
		DFDF57401F34EB0300E0ADF2 /* Products */ = {
			isa = PBXGroup;
			children = (
				DFDF573F1F34EB0300E0ADF2 /* DreamBox.app */,
			);
			name = Products;
			sourceTree = "<group>";
		};
		DFDF57411F34EB0300E0ADF2 /* DreamBox */ = {
			isa = PBXGroup;
			children = (
				DFDF57691F34F63E00E0ADF2 /* View */,
				DFDF57671F34EE8C00E0ADF2 /* Model */,
				DFDF57421F34EB0300E0ADF2 /* AppDelegate.swift */,
				DFDF57441F34EB0300E0ADF2 /* MainVC.swift */,
				DFDF57461F34EB0300E0ADF2 /* Main.storyboard */,
				DFDF574C1F34EB0300E0ADF2 /* Assets.xcassets */,
				DFDF574E1F34EB0300E0ADF2 /* LaunchScreen.storyboard */,
				DFDF57511F34EB0300E0ADF2 /* Info.plist */,
				DFDF57491F34EB0300E0ADF2 /* DreamBox.xcdatamodeld */,
			);
			path = DreamBox;
			sourceTree = "<group>";
		};
		DFDF57671F34EE8C00E0ADF2 /* Model */ = {
			isa = PBXGroup;
			children = (
				DFDF57571F34EE8500E0ADF2 /* ItemType+CoreDataClass.swift */,
				DFDF57591F34EE8500E0ADF2 /* Item+CoreDataClass.swift */,
				DFDF575B1F34EE8500E0ADF2 /* Image+CoreDataClass.swift */,
				DFDF575D1F34EE8500E0ADF2 /* Store+CoreDataClass.swift */,
				DFDF57681F34EE9400E0ADF2 /* Generated */,
			);
			name = Model;
			sourceTree = "<group>";
		};
		DFDF57681F34EE9400E0ADF2 /* Generated */ = {
			isa = PBXGroup;
			children = (
				DFDF57581F34EE8500E0ADF2 /* ItemType+CoreDataProperties.swift */,
				DFDF575A1F34EE8500E0ADF2 /* Item+CoreDataProperties.swift */,
				DFDF575C1F34EE8500E0ADF2 /* Image+CoreDataProperties.swift */,
				DFDF575E1F34EE8500E0ADF2 /* Store+CoreDataProperties.swift */,
			);
			name = Generated;
			sourceTree = "<group>";
		};
		DFDF57691F34F63E00E0ADF2 /* View */ = {
			isa = PBXGroup;
			children = (
				DFDF576A1F34F66400E0ADF2 /* MaterialView.swift */,
			);
			name = View;
			sourceTree = "<group>";
		};
/* End PBXGroup section */

/* Begin PBXNativeTarget section */
		DFDF573E1F34EB0300E0ADF2 /* DreamBox */ = {
			isa = PBXNativeTarget;
			buildConfigurationList = DFDF57541F34EB0300E0ADF2 /* Build configuration list for PBXNativeTarget "DreamBox" */;
			buildPhases = (
				DFDF573B1F34EB0300E0ADF2 /* Sources */,
				DFDF573C1F34EB0300E0ADF2 /* Frameworks */,
				DFDF573D1F34EB0300E0ADF2 /* Resources */,
			);
			buildRules = (
			);
			dependencies = (
			);
			name = DreamBox;
			productName = DreamBox;
			productReference = DFDF573F1F34EB0300E0ADF2 /* DreamBox.app */;
			productType = "com.apple.product-type.application";
		};
/* End PBXNativeTarget section */

/* Begin PBXProject section */
		DFDF57371F34EB0300E0ADF2 /* Project object */ = {
			isa = PBXProject;
			attributes = {
				LastSwiftUpdateCheck = 0830;
				LastUpgradeCheck = 0830;
				ORGANIZATIONNAME = "Emmanouil Perakis";
				TargetAttributes = {
					DFDF573E1F34EB0300E0ADF2 = {
						CreatedOnToolsVersion = 8.3.3;
						DevelopmentTeam = RHFU8CABJ7;
						ProvisioningStyle = Automatic;
					};
				};
			};
			buildConfigurationList = DFDF573A1F34EB0300E0ADF2 /* Build configuration list for PBXProject "DreamBox" */;
			compatibilityVersion = "Xcode 3.2";
			developmentRegion = English;
			hasScannedForEncodings = 0;
			knownRegions = (
				en,
				Base,
			);
			mainGroup = DFDF57361F34EB0300E0ADF2;
			productRefGroup = DFDF57401F34EB0300E0ADF2 /* Products */;
			projectDirPath = "";
			projectRoot = "";
			targets = (
				DFDF573E1F34EB0300E0ADF2 /* DreamBox */,
			);
		};
/* End PBXProject section */

/* Begin PBXResourcesBuildPhase section */
		DFDF573D1F34EB0300E0ADF2 /* Resources */ = {
			isa = PBXResourcesBuildPhase;
			buildActionMask = 2147483647;
			files = (
				DFDF57501F34EB0300E0ADF2 /* LaunchScreen.storyboard in Resources */,
				DFDF574D1F34EB0300E0ADF2 /* Assets.xcassets in Resources */,
				DFDF57481F34EB0300E0ADF2 /* Main.storyboard in Resources */,
			);
			runOnlyForDeploymentPostprocessing = 0;
		};
/* End PBXResourcesBuildPhase section */

/* Begin PBXSourcesBuildPhase section */
		DFDF573B1F34EB0300E0ADF2 /* Sources */ = {
			isa = PBXSourcesBuildPhase;
			buildActionMask = 2147483647;
			files = (
				DFDF57641F34EE8500E0ADF2 /* Image+CoreDataProperties.swift in Sources */,
				DFDF57621F34EE8500E0ADF2 /* Item+CoreDataProperties.swift in Sources */,
				DFDF57611F34EE8500E0ADF2 /* Item+CoreDataClass.swift in Sources */,
				DFDF576B1F34F66400E0ADF2 /* MaterialView.swift in Sources */,
				DFDF575F1F34EE8500E0ADF2 /* ItemType+CoreDataClass.swift in Sources */,
				DFDF57661F34EE8500E0ADF2 /* Store+CoreDataProperties.swift in Sources */,
				DFDF57631F34EE8500E0ADF2 /* Image+CoreDataClass.swift in Sources */,
				DFDF57601F34EE8500E0ADF2 /* ItemType+CoreDataProperties.swift in Sources */,
				DFDF574B1F34EB0300E0ADF2 /* DreamBox.xcdatamodeld in Sources */,
				DFDF57651F34EE8500E0ADF2 /* Store+CoreDataClass.swift in Sources */,
				DFDF57451F34EB0300E0ADF2 /* MainVC.swift in Sources */,
				DFDF57431F34EB0300E0ADF2 /* AppDelegate.swift in Sources */,
			);
			runOnlyForDeploymentPostprocessing = 0;
		};
/* End PBXSourcesBuildPhase section */

/* Begin PBXVariantGroup section */
		DFDF57461F34EB0300E0ADF2 /* Main.storyboard */ = {
			isa = PBXVariantGroup;
			children = (
				DFDF57471F34EB0300E0ADF2 /* Base */,
			);
			name = Main.storyboard;
			sourceTree = "<group>";
		};
		DFDF574E1F34EB0300E0ADF2 /* LaunchScreen.storyboard */ = {
			isa = PBXVariantGroup;
			children = (
				DFDF574F1F34EB0300E0ADF2 /* Base */,
			);
			name = LaunchScreen.storyboard;
			sourceTree = "<group>";
		};
/* End PBXVariantGroup section */

/* Begin XCBuildConfiguration section */
		DFDF57521F34EB0300E0ADF2 /* Debug */ = {
			isa = XCBuildConfiguration;
			buildSettings = {
				ALWAYS_SEARCH_USER_PATHS = NO;
				CLANG_ANALYZER_NONNULL = YES;
				CLANG_ANALYZER_NUMBER_OBJECT_CONVERSION = YES_AGGRESSIVE;
				CLANG_CXX_LANGUAGE_STANDARD = "gnu++0x";
				CLANG_CXX_LIBRARY = "libc++";
				CLANG_ENABLE_MODULES = YES;
				CLANG_ENABLE_OBJC_ARC = YES;
				CLANG_WARN_BOOL_CONVERSION = YES;
				CLANG_WARN_CONSTANT_CONVERSION = YES;
				CLANG_WARN_DIRECT_OBJC_ISA_USAGE = YES_ERROR;
				CLANG_WARN_DOCUMENTATION_COMMENTS = YES;
				CLANG_WARN_EMPTY_BODY = YES;
				CLANG_WARN_ENUM_CONVERSION = YES;
				CLANG_WARN_INFINITE_RECURSION = YES;
				CLANG_WARN_INT_CONVERSION = YES;
				CLANG_WARN_OBJC_ROOT_CLASS = YES_ERROR;
				CLANG_WARN_SUSPICIOUS_MOVE = YES;
				CLANG_WARN_UNREACHABLE_CODE = YES;
				CLANG_WARN__DUPLICATE_METHOD_MATCH = YES;
				"CODE_SIGN_IDENTITY[sdk=iphoneos*]" = "iPhone Developer";
				COPY_PHASE_STRIP = NO;
				DEBUG_INFORMATION_FORMAT = dwarf;
				ENABLE_STRICT_OBJC_MSGSEND = YES;
				ENABLE_TESTABILITY = YES;
				GCC_C_LANGUAGE_STANDARD = gnu99;
				GCC_DYNAMIC_NO_PIC = NO;
				GCC_NO_COMMON_BLOCKS = YES;
				GCC_OPTIMIZATION_LEVEL = 0;
				GCC_PREPROCESSOR_DEFINITIONS = (
					"DEBUG=1",
					"$(inherited)",
				);
				GCC_WARN_64_TO_32_BIT_CONVERSION = YES;
				GCC_WARN_ABOUT_RETURN_TYPE = YES_ERROR;
				GCC_WARN_UNDECLARED_SELECTOR = YES;
				GCC_WARN_UNINITIALIZED_AUTOS = YES_AGGRESSIVE;
				GCC_WARN_UNUSED_FUNCTION = YES;
				GCC_WARN_UNUSED_VARIABLE = YES;
				IPHONEOS_DEPLOYMENT_TARGET = 10.3;
				MTL_ENABLE_DEBUG_INFO = YES;
				ONLY_ACTIVE_ARCH = YES;
				SDKROOT = iphoneos;
				SWIFT_ACTIVE_COMPILATION_CONDITIONS = DEBUG;
				SWIFT_OPTIMIZATION_LEVEL = "-Onone";
			};
			name = Debug;
		};
		DFDF57531F34EB0300E0ADF2 /* Release */ = {
			isa = XCBuildConfiguration;
			buildSettings = {
				ALWAYS_SEARCH_USER_PATHS = NO;
				CLANG_ANALYZER_NONNULL = YES;
				CLANG_ANALYZER_NUMBER_OBJECT_CONVERSION = YES_AGGRESSIVE;
				CLANG_CXX_LANGUAGE_STANDARD = "gnu++0x";
				CLANG_CXX_LIBRARY = "libc++";
				CLANG_ENABLE_MODULES = YES;
				CLANG_ENABLE_OBJC_ARC = YES;
				CLANG_WARN_BOOL_CONVERSION = YES;
				CLANG_WARN_CONSTANT_CONVERSION = YES;
				CLANG_WARN_DIRECT_OBJC_ISA_USAGE = YES_ERROR;
				CLANG_WARN_DOCUMENTATION_COMMENTS = YES;
				CLANG_WARN_EMPTY_BODY = YES;
				CLANG_WARN_ENUM_CONVERSION = YES;
				CLANG_WARN_INFINITE_RECURSION = YES;
				CLANG_WARN_INT_CONVERSION = YES;
				CLANG_WARN_OBJC_ROOT_CLASS = YES_ERROR;
				CLANG_WARN_SUSPICIOUS_MOVE = YES;
				CLANG_WARN_UNREACHABLE_CODE = YES;
				CLANG_WARN__DUPLICATE_METHOD_MATCH = YES;
				"CODE_SIGN_IDENTITY[sdk=iphoneos*]" = "iPhone Developer";
				COPY_PHASE_STRIP = NO;
				DEBUG_INFORMATION_FORMAT = "dwarf-with-dsym";
				ENABLE_NS_ASSERTIONS = NO;
				ENABLE_STRICT_OBJC_MSGSEND = YES;
				GCC_C_LANGUAGE_STANDARD = gnu99;
				GCC_NO_COMMON_BLOCKS = YES;
				GCC_WARN_64_TO_32_BIT_CONVERSION = YES;
				GCC_WARN_ABOUT_RETURN_TYPE = YES_ERROR;
				GCC_WARN_UNDECLARED_SELECTOR = YES;
				GCC_WARN_UNINITIALIZED_AUTOS = YES_AGGRESSIVE;
				GCC_WARN_UNUSED_FUNCTION = YES;
				GCC_WARN_UNUSED_VARIABLE = YES;
				IPHONEOS_DEPLOYMENT_TARGET = 10.3;
				MTL_ENABLE_DEBUG_INFO = NO;
				SDKROOT = iphoneos;
				SWIFT_OPTIMIZATION_LEVEL = "-Owholemodule";
				VALIDATE_PRODUCT = YES;
			};
			name = Release;
		};
		DFDF57551F34EB0300E0ADF2 /* Debug */ = {
			isa = XCBuildConfiguration;
			buildSettings = {
				ASSETCATALOG_COMPILER_APPICON_NAME = AppIcon;
				DEVELOPMENT_TEAM = RHFU8CABJ7;
				INFOPLIST_FILE = DreamBox/Info.plist;
				LD_RUNPATH_SEARCH_PATHS = "$(inherited) @executable_path/Frameworks";
				PRODUCT_BUNDLE_IDENTIFIER = com.emmperakis.DreamBox;
				PRODUCT_NAME = "$(TARGET_NAME)";
				SWIFT_VERSION = 3.0;
			};
			name = Debug;
		};
		DFDF57561F34EB0300E0ADF2 /* Release */ = {
			isa = XCBuildConfiguration;
			buildSettings = {
				ASSETCATALOG_COMPILER_APPICON_NAME = AppIcon;
				DEVELOPMENT_TEAM = RHFU8CABJ7;
				INFOPLIST_FILE = DreamBox/Info.plist;
				LD_RUNPATH_SEARCH_PATHS = "$(inherited) @executable_path/Frameworks";
				PRODUCT_BUNDLE_IDENTIFIER = com.emmperakis.DreamBox;
				PRODUCT_NAME = "$(TARGET_NAME)";
				SWIFT_VERSION = 3.0;
			};
			name = Release;
		};
/* End XCBuildConfiguration section */

/* Begin XCConfigurationList section */
		DFDF573A1F34EB0300E0ADF2 /* Build configuration list for PBXProject "DreamBox" */ = {
			isa = XCConfigurationList;
			buildConfigurations = (
				DFDF57521F34EB0300E0ADF2 /* Debug */,
				DFDF57531F34EB0300E0ADF2 /* Release */,
			);
			defaultConfigurationIsVisible = 0;
			defaultConfigurationName = Release;
		};
		DFDF57541F34EB0300E0ADF2 /* Build configuration list for PBXNativeTarget "DreamBox" */ = {
			isa = XCConfigurationList;
			buildConfigurations = (
				DFDF57551F34EB0300E0ADF2 /* Debug */,
				DFDF57561F34EB0300E0ADF2 /* Release */,
			);
			defaultConfigurationIsVisible = 0;
		};
/* End XCConfigurationList section */

/* Begin XCVersionGroup section */
		DFDF57491F34EB0300E0ADF2 /* DreamBox.xcdatamodeld */ = {
			isa = XCVersionGroup;
			children = (
				DFDF574A1F34EB0300E0ADF2 /* DreamBox.xcdatamodel */,
			);
			currentVersion = DFDF574A1F34EB0300E0ADF2 /* DreamBox.xcdatamodel */;
			path = DreamBox.xcdatamodeld;
			sourceTree = "<group>";
			versionGroupType = wrapper.xcdatamodel;
		};
/* End XCVersionGroup section */
	};
	rootObject = DFDF57371F34EB0300E0ADF2 /* Project object */;
}
